// !$*UTF8*$!
{
	archiveVersion = 1;
	classes = {
	};
	objectVersion = 50;
	objects = {

/* Begin PBXBuildFile section */
		2A00C749244D57B700EE1DC6 /* ChapterTemplate.swift in Sources */ = {isa = PBXBuildFile; fileRef = 2A00C748244D57B700EE1DC6 /* ChapterTemplate.swift */; };
		2A00C74B244D61D700EE1DC6 /* ChapterOne.swift in Sources */ = {isa = PBXBuildFile; fileRef = 2A00C74A244D61D700EE1DC6 /* ChapterOne.swift */; };
		2A00C74D244D651B00EE1DC6 /* ChapterTwo.swift in Sources */ = {isa = PBXBuildFile; fileRef = 2A00C74C244D651B00EE1DC6 /* ChapterTwo.swift */; };
		2A00C74F244D65BB00EE1DC6 /* ChapterThree.swift in Sources */ = {isa = PBXBuildFile; fileRef = 2A00C74E244D65BB00EE1DC6 /* ChapterThree.swift */; };
		2A00C751244D665800EE1DC6 /* ChapterFour.swift in Sources */ = {isa = PBXBuildFile; fileRef = 2A00C750244D665800EE1DC6 /* ChapterFour.swift */; };
		2ABF95D1243C3E740083EBF3 /* AppDelegate.swift in Sources */ = {isa = PBXBuildFile; fileRef = 2ABF95D0243C3E740083EBF3 /* AppDelegate.swift */; };
		2ABF95D3243C3E740083EBF3 /* SceneDelegate.swift in Sources */ = {isa = PBXBuildFile; fileRef = 2ABF95D2243C3E740083EBF3 /* SceneDelegate.swift */; };
		2ABF95D5243C3E740083EBF3 /* ContentView.swift in Sources */ = {isa = PBXBuildFile; fileRef = 2ABF95D4243C3E740083EBF3 /* ContentView.swift */; };
		2ABF95D7243C3E740083EBF3 /* Assets.xcassets in Resources */ = {isa = PBXBuildFile; fileRef = 2ABF95D6243C3E740083EBF3 /* Assets.xcassets */; };
		2ABF95DA243C3E740083EBF3 /* Preview Assets.xcassets in Resources */ = {isa = PBXBuildFile; fileRef = 2ABF95D9243C3E740083EBF3 /* Preview Assets.xcassets */; };
		2ABF95DD243C3E740083EBF3 /* LaunchScreen.storyboard in Resources */ = {isa = PBXBuildFile; fileRef = 2ABF95DB243C3E740083EBF3 /* LaunchScreen.storyboard */; };
/* End PBXBuildFile section */

/* Begin PBXFileReference section */
		2A00C748244D57B700EE1DC6 /* ChapterTemplate.swift */ = {isa = PBXFileReference; lastKnownFileType = sourcecode.swift; path = ChapterTemplate.swift; sourceTree = "<group>"; };
		2A00C74A244D61D700EE1DC6 /* ChapterOne.swift */ = {isa = PBXFileReference; lastKnownFileType = sourcecode.swift; path = ChapterOne.swift; sourceTree = "<group>"; };
		2A00C74C244D651B00EE1DC6 /* ChapterTwo.swift */ = {isa = PBXFileReference; lastKnownFileType = sourcecode.swift; path = ChapterTwo.swift; sourceTree = "<group>"; };
		2A00C74E244D65BB00EE1DC6 /* ChapterThree.swift */ = {isa = PBXFileReference; lastKnownFileType = sourcecode.swift; path = ChapterThree.swift; sourceTree = "<group>"; };
		2A00C750244D665800EE1DC6 /* ChapterFour.swift */ = {isa = PBXFileReference; lastKnownFileType = sourcecode.swift; path = ChapterFour.swift; sourceTree = "<group>"; };
		2ABF95CD243C3E740083EBF3 /* ChapterBook.app */ = {isa = PBXFileReference; explicitFileType = wrapper.application; includeInIndex = 0; path = ChapterBook.app; sourceTree = BUILT_PRODUCTS_DIR; };
		2ABF95D0243C3E740083EBF3 /* AppDelegate.swift */ = {isa = PBXFileReference; lastKnownFileType = sourcecode.swift; path = AppDelegate.swift; sourceTree = "<group>"; };
		2ABF95D2243C3E740083EBF3 /* SceneDelegate.swift */ = {isa = PBXFileReference; lastKnownFileType = sourcecode.swift; path = SceneDelegate.swift; sourceTree = "<group>"; };
		2ABF95D4243C3E740083EBF3 /* ContentView.swift */ = {isa = PBXFileReference; lastKnownFileType = sourcecode.swift; path = ContentView.swift; sourceTree = "<group>"; };
		2ABF95D6243C3E740083EBF3 /* Assets.xcassets */ = {isa = PBXFileReference; lastKnownFileType = folder.assetcatalog; path = Assets.xcassets; sourceTree = "<group>"; };
		2ABF95D9243C3E740083EBF3 /* Preview Assets.xcassets */ = {isa = PBXFileReference; lastKnownFileType = folder.assetcatalog; path = "Preview Assets.xcassets"; sourceTree = "<group>"; };
		2ABF95DC243C3E740083EBF3 /* Base */ = {isa = PBXFileReference; lastKnownFileType = file.storyboard; name = Base; path = Base.lproj/LaunchScreen.storyboard; sourceTree = "<group>"; };
		2ABF95DE243C3E740083EBF3 /* Info.plist */ = {isa = PBXFileReference; lastKnownFileType = text.plist.xml; path = Info.plist; sourceTree = "<group>"; };
/* End PBXFileReference section */

/* Begin PBXFrameworksBuildPhase section */
		2ABF95CA243C3E740083EBF3 /* Frameworks */ = {
			isa = PBXFrameworksBuildPhase;
			buildActionMask = 2147483647;
			files = (
			);
			runOnlyForDeploymentPostprocessing = 0;
		};
/* End PBXFrameworksBuildPhase section */

/* Begin PBXGroup section */
		2ABF95C4243C3E740083EBF3 = {
			isa = PBXGroup;
			children = (
				2ABF95CF243C3E740083EBF3 /* ChapterBook */,
				2ABF95CE243C3E740083EBF3 /* Products */,
			);
			sourceTree = "<group>";
		};
		2ABF95CE243C3E740083EBF3 /* Products */ = {
			isa = PBXGroup;
			children = (
				2ABF95CD243C3E740083EBF3 /* ChapterBook.app */,
			);
			name = Products;
			sourceTree = "<group>";
		};
		2ABF95CF243C3E740083EBF3 /* ChapterBook */ = {
			isa = PBXGroup;
			children = (
				2ABF95D0243C3E740083EBF3 /* AppDelegate.swift */,
				2ABF95D2243C3E740083EBF3 /* SceneDelegate.swift */,
				2ABF95D4243C3E740083EBF3 /* ContentView.swift */,
				2A00C74A244D61D700EE1DC6 /* ChapterOne.swift */,
				2A00C74C244D651B00EE1DC6 /* ChapterTwo.swift */,
				2A00C74E244D65BB00EE1DC6 /* ChapterThree.swift */,
				2A00C750244D665800EE1DC6 /* ChapterFour.swift */,
				2A00C748244D57B700EE1DC6 /* ChapterTemplate.swift */,
				2ABF95D6243C3E740083EBF3 /* Assets.xcassets */,
				2ABF95DB243C3E740083EBF3 /* LaunchScreen.storyboard */,
				2ABF95DE243C3E740083EBF3 /* Info.plist */,
				2ABF95D8243C3E740083EBF3 /* Preview Content */,
			);
			path = ChapterBook;
			sourceTree = "<group>";
		};
		2ABF95D8243C3E740083EBF3 /* Preview Content */ = {
			isa = PBXGroup;
			children = (
				2ABF95D9243C3E740083EBF3 /* Preview Assets.xcassets */,
			);
			path = "Preview Content";
			sourceTree = "<group>";
		};
/* End PBXGroup section */

/* Begin PBXNativeTarget section */
		2ABF95CC243C3E740083EBF3 /* ChapterBook */ = {
			isa = PBXNativeTarget;
			buildConfigurationList = 2ABF95E1243C3E740083EBF3 /* Build configuration list for PBXNativeTarget "ChapterBook" */;
			buildPhases = (
				2ABF95C9243C3E740083EBF3 /* Sources */,
				2ABF95CA243C3E740083EBF3 /* Frameworks */,
				2ABF95CB243C3E740083EBF3 /* Resources */,
			);
			buildRules = (
			);
			dependencies = (
			);
			name = ChapterBook;
			productName = ChapterBook;
			productReference = 2ABF95CD243C3E740083EBF3 /* ChapterBook.app */;
			productType = "com.apple.product-type.application";
		};
/* End PBXNativeTarget section */

/* Begin PBXProject section */
		2ABF95C5243C3E740083EBF3 /* Project object */ = {
			isa = PBXProject;
			attributes = {
				LastSwiftUpdateCheck = 1140;
				LastUpgradeCheck = 1140;
				ORGANIZATIONNAME = "Cameron Partee";
				TargetAttributes = {
					2ABF95CC243C3E740083EBF3 = {
						CreatedOnToolsVersion = 11.4;
					};
				};
			};
			buildConfigurationList = 2ABF95C8243C3E740083EBF3 /* Build configuration list for PBXProject "ChapterBook" */;
			compatibilityVersion = "Xcode 9.3";
			developmentRegion = en;
			hasScannedForEncodings = 0;
			knownRegions = (
				en,
				Base,
			);
			mainGroup = 2ABF95C4243C3E740083EBF3;
			productRefGroup = 2ABF95CE243C3E740083EBF3 /* Products */;
			projectDirPath = "";
			projectRoot = "";
			targets = (
				2ABF95CC243C3E740083EBF3 /* ChapterBook */,
			);
		};
/* End PBXProject section */

/* Begin PBXResourcesBuildPhase section */
		2ABF95CB243C3E740083EBF3 /* Resources */ = {
			isa = PBXResourcesBuildPhase;
			buildActionMask = 2147483647;
			files = (
				2ABF95DD243C3E740083EBF3 /* LaunchScreen.storyboard in Resources */,
				2ABF95DA243C3E740083EBF3 /* Preview Assets.xcassets in Resources */,
				2ABF95D7243C3E740083EBF3 /* Assets.xcassets in Resources */,
			);
			runOnlyForDeploymentPostprocessing = 0;
		};
/* End PBXResourcesBuildPhase section */

/* Begin PBXSourcesBuildPhase section */
		2ABF95C9243C3E740083EBF3 /* Sources */ = {
			isa = PBXSourcesBuildPhase;
			buildActionMask = 2147483647;
			files = (
				2ABF95D1243C3E740083EBF3 /* AppDelegate.swift in Sources */,
				2ABF95D3243C3E740083EBF3 /* SceneDelegate.swift in Sources */,
				2A00C74D244D651B00EE1DC6 /* ChapterTwo.swift in Sources */,
				2ABF95D5243C3E740083EBF3 /* ContentView.swift in Sources */,
				2A00C74F244D65BB00EE1DC6 /* ChapterThree.swift in Sources */,
				2A00C749244D57B700EE1DC6 /* ChapterTemplate.swift in Sources */,
				2A00C74B244D61D700EE1DC6 /* ChapterOne.swift in Sources */,
				2A00C751244D665800EE1DC6 /* ChapterFour.swift in Sources */,
			);
			runOnlyForDeploymentPostprocessing = 0;
		};
/* End PBXSourcesBuildPhase section */

/* Begin PBXVariantGroup section */
		2ABF95DB243C3E740083EBF3 /* LaunchScreen.storyboard */ = {
			isa = PBXVariantGroup;
			children = (
				2ABF95DC243C3E740083EBF3 /* Base */,
			);
			name = LaunchScreen.storyboard;
			sourceTree = "<group>";
		};
/* End PBXVariantGroup section */

/* Begin XCBuildConfiguration section */
		2ABF95DF243C3E740083EBF3 /* Debug */ = {
			isa = XCBuildConfiguration;
			buildSettings = {
				ALWAYS_SEARCH_USER_PATHS = NO;
				CLANG_ANALYZER_NONNULL = YES;
				CLANG_ANALYZER_NUMBER_OBJECT_CONVERSION = YES_AGGRESSIVE;
				CLANG_CXX_LANGUAGE_STANDARD = "gnu++14";
				CLANG_CXX_LIBRARY = "libc++";
				CLANG_ENABLE_MODULES = YES;
				CLANG_ENABLE_OBJC_ARC = YES;
				CLANG_ENABLE_OBJC_WEAK = YES;
				CLANG_WARN_BLOCK_CAPTURE_AUTORELEASING = YES;
				CLANG_WARN_BOOL_CONVERSION = YES;
				CLANG_WARN_COMMA = YES;
				CLANG_WARN_CONSTANT_CONVERSION = YES;
				CLANG_WARN_DEPRECATED_OBJC_IMPLEMENTATIONS = YES;
				CLANG_WARN_DIRECT_OBJC_ISA_USAGE = YES_ERROR;
				CLANG_WARN_DOCUMENTATION_COMMENTS = YES;
				CLANG_WARN_EMPTY_BODY = YES;
				CLANG_WARN_ENUM_CONVERSION = YES;
				CLANG_WARN_INFINITE_RECURSION = YES;
				CLANG_WARN_INT_CONVERSION = YES;
				CLANG_WARN_NON_LITERAL_NULL_CONVERSION = YES;
				CLANG_WARN_OBJC_IMPLICIT_RETAIN_SELF = YES;
				CLANG_WARN_OBJC_LITERAL_CONVERSION = YES;
				CLANG_WARN_OBJC_ROOT_CLASS = YES_ERROR;
				CLANG_WARN_RANGE_LOOP_ANALYSIS = YES;
				CLANG_WARN_STRICT_PROTOTYPES = YES;
				CLANG_WARN_SUSPICIOUS_MOVE = YES;
				CLANG_WARN_UNGUARDED_AVAILABILITY = YES_AGGRESSIVE;
				CLANG_WARN_UNREACHABLE_CODE = YES;
				CLANG_WARN__DUPLICATE_METHOD_MATCH = YES;
				COPY_PHASE_STRIP = NO;
				DEBUG_INFORMATION_FORMAT = dwarf;
				ENABLE_STRICT_OBJC_MSGSEND = YES;
				ENABLE_TESTABILITY = YES;
				GCC_C_LANGUAGE_STANDARD = gnu11;
				GCC_DYNAMIC_NO_PIC = NO;
				GCC_NO_COMMON_BLOCKS = YES;
				GCC_OPTIMIZATION_LEVEL = 0;
				GCC_PREPROCESSOR_DEFINITIONS = (
					"DEBUG=1",
					"$(inherited)",
				);
				GCC_WARN_64_TO_32_BIT_CONVERSION = YES;
				GCC_WARN_ABOUT_RETURN_TYPE = YES_ERROR;
				GCC_WARN_UNDECLARED_SELECTOR = YES;
				GCC_WARN_UNINITIALIZED_AUTOS = YES_AGGRESSIVE;
				GCC_WARN_UNUSED_FUNCTION = YES;
				GCC_WARN_UNUSED_VARIABLE = YES;
				IPHONEOS_DEPLOYMENT_TARGET = 13.4;
				MTL_ENABLE_DEBUG_INFO = INCLUDE_SOURCE;
				MTL_FAST_MATH = YES;
				ONLY_ACTIVE_ARCH = YES;
				SDKROOT = iphoneos;
				SWIFT_ACTIVE_COMPILATION_CONDITIONS = DEBUG;
				SWIFT_OPTIMIZATION_LEVEL = "-Onone";
			};
			name = Debug;
		};
		2ABF95E0243C3E740083EBF3 /* Release */ = {
			isa = XCBuildConfiguration;
			buildSettings = {
				ALWAYS_SEARCH_USER_PATHS = NO;
				CLANG_ANALYZER_NONNULL = YES;
				CLANG_ANALYZER_NUMBER_OBJECT_CONVERSION = YES_AGGRESSIVE;
				CLANG_CXX_LANGUAGE_STANDARD = "gnu++14";
				CLANG_CXX_LIBRARY = "libc++";
				CLANG_ENABLE_MODULES = YES;
				CLANG_ENABLE_OBJC_ARC = YES;
				CLANG_ENABLE_OBJC_WEAK = YES;
				CLANG_WARN_BLOCK_CAPTURE_AUTORELEASING = YES;
				CLANG_WARN_BOOL_CONVERSION = YES;
				CLANG_WARN_COMMA = YES;
				CLANG_WARN_CONSTANT_CONVERSION = YES;
				CLANG_WARN_DEPRECATED_OBJC_IMPLEMENTATIONS = YES;
				CLANG_WARN_DIRECT_OBJC_ISA_USAGE = YES_ERROR;
				CLANG_WARN_DOCUMENTATION_COMMENTS = YES;
				CLANG_WARN_EMPTY_BODY = YES;
				CLANG_WARN_ENUM_CONVERSION = YES;
				CLANG_WARN_INFINITE_RECURSION = YES;
				CLANG_WARN_INT_CONVERSION = YES;
				CLANG_WARN_NON_LITERAL_NULL_CONVERSION = YES;
				CLANG_WARN_OBJC_IMPLICIT_RETAIN_SELF = YES;
				CLANG_WARN_OBJC_LITERAL_CONVERSION = YES;
				CLANG_WARN_OBJC_ROOT_CLASS = YES_ERROR;
				CLANG_WARN_RANGE_LOOP_ANALYSIS = YES;
				CLANG_WARN_STRICT_PROTOTYPES = YES;
				CLANG_WARN_SUSPICIOUS_MOVE = YES;
				CLANG_WARN_UNGUARDED_AVAILABILITY = YES_AGGRESSIVE;
				CLANG_WARN_UNREACHABLE_CODE = YES;
				CLANG_WARN__DUPLICATE_METHOD_MATCH = YES;
				COPY_PHASE_STRIP = NO;
				DEBUG_INFORMATION_FORMAT = "dwarf-with-dsym";
				ENABLE_NS_ASSERTIONS = NO;
				ENABLE_STRICT_OBJC_MSGSEND = YES;
				GCC_C_LANGUAGE_STANDARD = gnu11;
				GCC_NO_COMMON_BLOCKS = YES;
				GCC_WARN_64_TO_32_BIT_CONVERSION = YES;
				GCC_WARN_ABOUT_RETURN_TYPE = YES_ERROR;
				GCC_WARN_UNDECLARED_SELECTOR = YES;
				GCC_WARN_UNINITIALIZED_AUTOS = YES_AGGRESSIVE;
				GCC_WARN_UNUSED_FUNCTION = YES;
				GCC_WARN_UNUSED_VARIABLE = YES;
				IPHONEOS_DEPLOYMENT_TARGET = 13.4;
				MTL_ENABLE_DEBUG_INFO = NO;
				MTL_FAST_MATH = YES;
				SDKROOT = iphoneos;
				SWIFT_COMPILATION_MODE = wholemodule;
				SWIFT_OPTIMIZATION_LEVEL = "-O";
				VALIDATE_PRODUCT = YES;
			};
			name = Release;
		};
		2ABF95E2243C3E740083EBF3 /* Debug */ = {
			isa = XCBuildConfiguration;
			buildSettings = {
				ASSETCATALOG_COMPILER_APPICON_NAME = AppIcon;
				CODE_SIGN_STYLE = Automatic;
				DEVELOPMENT_ASSET_PATHS = "\"ChapterBook/Preview Content\"";
				DEVELOPMENT_TEAM = PUD2RU7K8T;
				ENABLE_PREVIEWS = YES;
				INFOPLIST_FILE = ChapterBook/Info.plist;
				LD_RUNPATH_SEARCH_PATHS = (
					"$(inherited)",
					"@executable_path/Frameworks",
				);
				PRODUCT_BUNDLE_IDENTIFIER = com.cameronpartee.ChapterBook;
				PRODUCT_NAME = "$(TARGET_NAME)";
				SWIFT_VERSION = 5.0;
				TARGETED_DEVICE_FAMILY = "1,2";
			};
			name = Debug;
		};
		2ABF95E3243C3E740083EBF3 /* Release */ = {
			isa = XCBuildConfiguration;
			buildSettings = {
				ASSETCATALOG_COMPILER_APPICON_NAME = AppIcon;
				CODE_SIGN_STYLE = Automatic;
				DEVELOPMENT_ASSET_PATHS = "\"ChapterBook/Preview Content\"";
				DEVELOPMENT_TEAM = PUD2RU7K8T;
				ENABLE_PREVIEWS = YES;
				INFOPLIST_FILE = ChapterBook/Info.plist;
				LD_RUNPATH_SEARCH_PATHS = (
					"$(inherited)",
					"@executable_path/Frameworks",
				);
				PRODUCT_BUNDLE_IDENTIFIER = com.cameronpartee.ChapterBook;
				PRODUCT_NAME = "$(TARGET_NAME)";
				SWIFT_VERSION = 5.0;
				TARGETED_DEVICE_FAMILY = "1,2";
			};
			name = Release;
		};
/* End XCBuildConfiguration section */

/* Begin XCConfigurationList section */
		2ABF95C8243C3E740083EBF3 /* Build configuration list for PBXProject "ChapterBook" */ = {
			isa = XCConfigurationList;
			buildConfigurations = (
				2ABF95DF243C3E740083EBF3 /* Debug */,
				2ABF95E0243C3E740083EBF3 /* Release */,
			);
			defaultConfigurationIsVisible = 0;
			defaultConfigurationName = Release;
		};
		2ABF95E1243C3E740083EBF3 /* Build configuration list for PBXNativeTarget "ChapterBook" */ = {
			isa = XCConfigurationList;
			buildConfigurations = (
				2ABF95E2243C3E740083EBF3 /* Debug */,
				2ABF95E3243C3E740083EBF3 /* Release */,
			);
			defaultConfigurationIsVisible = 0;
			defaultConfigurationName = Release;
		};
/* End XCConfigurationList section */
	};
	rootObject = 2ABF95C5243C3E740083EBF3 /* Project object */;
}
