// !$*UTF8*$!
{
	archiveVersion = 1;
	classes = {
	};
	objectVersion = 50;
	objects = {

/* Begin PBXBuildFile section */
		2A47C72A2455E0B000EEF68B /* BookCover.swift in Sources */ = {isa = PBXBuildFile; fileRef = 2A47C7232455E0B000EEF68B /* BookCover.swift */; };
		2A47C72B2455E0B000EEF68B /* BookPage.swift in Sources */ = {isa = PBXBuildFile; fileRef = 2A47C7242455E0B000EEF68B /* BookPage.swift */; };
		2A47C72C2455E0B000EEF68B /* Data.swift in Sources */ = {isa = PBXBuildFile; fileRef = 2A47C7252455E0B000EEF68B /* Data.swift */; };
		2A47C72E2455E0B000EEF68B /* ContentView.swift in Sources */ = {isa = PBXBuildFile; fileRef = 2A47C7272455E0B000EEF68B /* ContentView.swift */; };
		2A47C72F2455E0B000EEF68B /* TextTemplate.swift in Sources */ = {isa = PBXBuildFile; fileRef = 2A47C7282455E0B000EEF68B /* TextTemplate.swift */; };
		2A47C7302455E0B000EEF68B /* NextButton.swift in Sources */ = {isa = PBXBuildFile; fileRef = 2A47C7292455E0B000EEF68B /* NextButton.swift */; };
		2AADD1102457183E00F54BCB /* AnimatedButton.swift in Sources */ = {isa = PBXBuildFile; fileRef = 2AADD10F2457183E00F54BCB /* AnimatedButton.swift */; };
		2AADD112245723CA00F54BCB /* PageCard.swift in Sources */ = {isa = PBXBuildFile; fileRef = 2AADD111245723CA00F54BCB /* PageCard.swift */; };
		2AADD11424572F7900F54BCB /* BackView.swift in Sources */ = {isa = PBXBuildFile; fileRef = 2AADD11324572F7900F54BCB /* BackView.swift */; };
		2AADD1162457365800F54BCB /* ImageTemplate.swift in Sources */ = {isa = PBXBuildFile; fileRef = 2AADD1152457365800F54BCB /* ImageTemplate.swift */; };
		2AADD1182457376700F54BCB /* CoverText.swift in Sources */ = {isa = PBXBuildFile; fileRef = 2AADD1172457376700F54BCB /* CoverText.swift */; };
		2AADD11A245737C500F54BCB /* CoverTitle.swift in Sources */ = {isa = PBXBuildFile; fileRef = 2AADD119245737C400F54BCB /* CoverTitle.swift */; };
		2AADD11C2457398400F54BCB /* CoverImage.swift in Sources */ = {isa = PBXBuildFile; fileRef = 2AADD11B2457398400F54BCB /* CoverImage.swift */; };
		2ABF95D1243C3E740083EBF3 /* AppDelegate.swift in Sources */ = {isa = PBXBuildFile; fileRef = 2ABF95D0243C3E740083EBF3 /* AppDelegate.swift */; };
		2ABF95D3243C3E740083EBF3 /* SceneDelegate.swift in Sources */ = {isa = PBXBuildFile; fileRef = 2ABF95D2243C3E740083EBF3 /* SceneDelegate.swift */; };
		2ABF95D7243C3E740083EBF3 /* Assets.xcassets in Resources */ = {isa = PBXBuildFile; fileRef = 2ABF95D6243C3E740083EBF3 /* Assets.xcassets */; };
		2ABF95DA243C3E740083EBF3 /* Preview Assets.xcassets in Resources */ = {isa = PBXBuildFile; fileRef = 2ABF95D9243C3E740083EBF3 /* Preview Assets.xcassets */; };
		2ABF95DD243C3E740083EBF3 /* LaunchScreen.storyboard in Resources */ = {isa = PBXBuildFile; fileRef = 2ABF95DB243C3E740083EBF3 /* LaunchScreen.storyboard */; };
/* End PBXBuildFile section */

/* Begin PBXFileReference section */
		2A47C7232455E0B000EEF68B /* BookCover.swift */ = {isa = PBXFileReference; fileEncoding = 4; lastKnownFileType = sourcecode.swift; path = BookCover.swift; sourceTree = "<group>"; };
		2A47C7242455E0B000EEF68B /* BookPage.swift */ = {isa = PBXFileReference; fileEncoding = 4; lastKnownFileType = sourcecode.swift; path = BookPage.swift; sourceTree = "<group>"; };
		2A47C7252455E0B000EEF68B /* Data.swift */ = {isa = PBXFileReference; fileEncoding = 4; lastKnownFileType = sourcecode.swift; path = Data.swift; sourceTree = "<group>"; };
		2A47C7272455E0B000EEF68B /* ContentView.swift */ = {isa = PBXFileReference; fileEncoding = 4; lastKnownFileType = sourcecode.swift; path = ContentView.swift; sourceTree = "<group>"; };
		2A47C7282455E0B000EEF68B /* TextTemplate.swift */ = {isa = PBXFileReference; fileEncoding = 4; lastKnownFileType = sourcecode.swift; path = TextTemplate.swift; sourceTree = "<group>"; };
		2A47C7292455E0B000EEF68B /* NextButton.swift */ = {isa = PBXFileReference; fileEncoding = 4; lastKnownFileType = sourcecode.swift; path = NextButton.swift; sourceTree = "<group>"; };
		2AADD10F2457183E00F54BCB /* AnimatedButton.swift */ = {isa = PBXFileReference; lastKnownFileType = sourcecode.swift; path = AnimatedButton.swift; sourceTree = "<group>"; };
		2AADD111245723CA00F54BCB /* PageCard.swift */ = {isa = PBXFileReference; lastKnownFileType = sourcecode.swift; path = PageCard.swift; sourceTree = "<group>"; };
		2AADD11324572F7900F54BCB /* BackView.swift */ = {isa = PBXFileReference; lastKnownFileType = sourcecode.swift; path = BackView.swift; sourceTree = "<group>"; };
		2AADD1152457365800F54BCB /* ImageTemplate.swift */ = {isa = PBXFileReference; lastKnownFileType = sourcecode.swift; path = ImageTemplate.swift; sourceTree = "<group>"; };
		2AADD1172457376700F54BCB /* CoverText.swift */ = {isa = PBXFileReference; lastKnownFileType = sourcecode.swift; path = CoverText.swift; sourceTree = "<group>"; };
		2AADD119245737C400F54BCB /* CoverTitle.swift */ = {isa = PBXFileReference; lastKnownFileType = sourcecode.swift; path = CoverTitle.swift; sourceTree = "<group>"; };
		2AADD11B2457398400F54BCB /* CoverImage.swift */ = {isa = PBXFileReference; lastKnownFileType = sourcecode.swift; path = CoverImage.swift; sourceTree = "<group>"; };
		2ABF95CD243C3E740083EBF3 /* LittleStories.app */ = {isa = PBXFileReference; explicitFileType = wrapper.application; includeInIndex = 0; path = LittleStories.app; sourceTree = BUILT_PRODUCTS_DIR; };
		2ABF95D0243C3E740083EBF3 /* AppDelegate.swift */ = {isa = PBXFileReference; lastKnownFileType = sourcecode.swift; path = AppDelegate.swift; sourceTree = "<group>"; };
		2ABF95D2243C3E740083EBF3 /* SceneDelegate.swift */ = {isa = PBXFileReference; lastKnownFileType = sourcecode.swift; path = SceneDelegate.swift; sourceTree = "<group>"; };
		2ABF95D6243C3E740083EBF3 /* Assets.xcassets */ = {isa = PBXFileReference; lastKnownFileType = folder.assetcatalog; path = Assets.xcassets; sourceTree = "<group>"; };
		2ABF95D9243C3E740083EBF3 /* Preview Assets.xcassets */ = {isa = PBXFileReference; lastKnownFileType = folder.assetcatalog; path = "Preview Assets.xcassets"; sourceTree = "<group>"; };
		2ABF95DC243C3E740083EBF3 /* Base */ = {isa = PBXFileReference; lastKnownFileType = file.storyboard; name = Base; path = Base.lproj/LaunchScreen.storyboard; sourceTree = "<group>"; };
		2ABF95DE243C3E740083EBF3 /* Info.plist */ = {isa = PBXFileReference; lastKnownFileType = text.plist.xml; path = Info.plist; sourceTree = "<group>"; };
/* End PBXFileReference section */

/* Begin PBXFrameworksBuildPhase section */
		2ABF95CA243C3E740083EBF3 /* Frameworks */ = {
			isa = PBXFrameworksBuildPhase;
			buildActionMask = 2147483647;
			files = (
			);
			runOnlyForDeploymentPostprocessing = 0;
		};
/* End PBXFrameworksBuildPhase section */

/* Begin PBXGroup section */
		2ABF95C4243C3E740083EBF3 = {
			isa = PBXGroup;
			children = (
				2ABF95CF243C3E740083EBF3 /* LittleStories */,
				2ABF95CE243C3E740083EBF3 /* Products */,
			);
			sourceTree = "<group>";
		};
		2ABF95CE243C3E740083EBF3 /* Products */ = {
			isa = PBXGroup;
			children = (
				2ABF95CD243C3E740083EBF3 /* LittleStories.app */,
			);
			name = Products;
			sourceTree = "<group>";
		};
		2ABF95CF243C3E740083EBF3 /* LittleStories */ = {
			isa = PBXGroup;
			children = (
				2A47C7252455E0B000EEF68B /* Data.swift */,
				2ABF95D0243C3E740083EBF3 /* AppDelegate.swift */,
				2ABF95D2243C3E740083EBF3 /* SceneDelegate.swift */,
				2A47C7272455E0B000EEF68B /* ContentView.swift */,
				2A47C7232455E0B000EEF68B /* BookCover.swift */,
				2AADD11B2457398400F54BCB /* CoverImage.swift */,
				2AADD119245737C400F54BCB /* CoverTitle.swift */,
				2AADD1172457376700F54BCB /* CoverText.swift */,
				2A47C7242455E0B000EEF68B /* BookPage.swift */,
				2AADD111245723CA00F54BCB /* PageCard.swift */,
				2AADD1152457365800F54BCB /* ImageTemplate.swift */,
				2A47C7282455E0B000EEF68B /* TextTemplate.swift */,
				2A47C7292455E0B000EEF68B /* NextButton.swift */,
				2AADD10F2457183E00F54BCB /* AnimatedButton.swift */,
				2AADD11324572F7900F54BCB /* BackView.swift */,
				2ABF95D6243C3E740083EBF3 /* Assets.xcassets */,
				2ABF95DB243C3E740083EBF3 /* LaunchScreen.storyboard */,
				2ABF95DE243C3E740083EBF3 /* Info.plist */,
				2ABF95D8243C3E740083EBF3 /* Preview Content */,
			);
			path = LittleStories;
			sourceTree = "<group>";
		};
		2ABF95D8243C3E740083EBF3 /* Preview Content */ = {
			isa = PBXGroup;
			children = (
				2ABF95D9243C3E740083EBF3 /* Preview Assets.xcassets */,
			);
			path = "Preview Content";
			sourceTree = "<group>";
		};
/* End PBXGroup section */

/* Begin PBXNativeTarget section */
		2ABF95CC243C3E740083EBF3 /* LittleStories */ = {
			isa = PBXNativeTarget;
			buildConfigurationList = 2ABF95E1243C3E740083EBF3 /* Build configuration list for PBXNativeTarget "LittleStories" */;
			buildPhases = (
				2ABF95C9243C3E740083EBF3 /* Sources */,
				2ABF95CA243C3E740083EBF3 /* Frameworks */,
				2ABF95CB243C3E740083EBF3 /* Resources */,
			);
			buildRules = (
			);
			dependencies = (
			);
			name = LittleStories;
			productName = ChapterBook;
			productReference = 2ABF95CD243C3E740083EBF3 /* LittleStories.app */;
			productType = "com.apple.product-type.application";
		};
/* End PBXNativeTarget section */

/* Begin PBXProject section */
		2ABF95C5243C3E740083EBF3 /* Project object */ = {
			isa = PBXProject;
			attributes = {
				LastSwiftUpdateCheck = 1140;
				LastUpgradeCheck = 1140;
				ORGANIZATIONNAME = "Cameron Partee";
				TargetAttributes = {
					2ABF95CC243C3E740083EBF3 = {
						CreatedOnToolsVersion = 11.4;
					};
				};
			};
			buildConfigurationList = 2ABF95C8243C3E740083EBF3 /* Build configuration list for PBXProject "LittleStories" */;
			compatibilityVersion = "Xcode 9.3";
			developmentRegion = en;
			hasScannedForEncodings = 0;
			knownRegions = (
				en,
				Base,
			);
			mainGroup = 2ABF95C4243C3E740083EBF3;
			productRefGroup = 2ABF95CE243C3E740083EBF3 /* Products */;
			projectDirPath = "";
			projectRoot = "";
			targets = (
				2ABF95CC243C3E740083EBF3 /* LittleStories */,
			);
		};
/* End PBXProject section */

/* Begin PBXResourcesBuildPhase section */
		2ABF95CB243C3E740083EBF3 /* Resources */ = {
			isa = PBXResourcesBuildPhase;
			buildActionMask = 2147483647;
			files = (
				2ABF95DD243C3E740083EBF3 /* LaunchScreen.storyboard in Resources */,
				2ABF95DA243C3E740083EBF3 /* Preview Assets.xcassets in Resources */,
				2ABF95D7243C3E740083EBF3 /* Assets.xcassets in Resources */,
			);
			runOnlyForDeploymentPostprocessing = 0;
		};
/* End PBXResourcesBuildPhase section */

/* Begin PBXSourcesBuildPhase section */
		2ABF95C9243C3E740083EBF3 /* Sources */ = {
			isa = PBXSourcesBuildPhase;
			buildActionMask = 2147483647;
			files = (
				2AADD11424572F7900F54BCB /* BackView.swift in Sources */,
				2ABF95D1243C3E740083EBF3 /* AppDelegate.swift in Sources */,
				2AADD1182457376700F54BCB /* CoverText.swift in Sources */,
				2A47C72E2455E0B000EEF68B /* ContentView.swift in Sources */,
				2AADD11A245737C500F54BCB /* CoverTitle.swift in Sources */,
				2A47C72C2455E0B000EEF68B /* Data.swift in Sources */,
				2A47C72B2455E0B000EEF68B /* BookPage.swift in Sources */,
				2AADD1162457365800F54BCB /* ImageTemplate.swift in Sources */,
				2AADD1102457183E00F54BCB /* AnimatedButton.swift in Sources */,
				2ABF95D3243C3E740083EBF3 /* SceneDelegate.swift in Sources */,
				2AADD112245723CA00F54BCB /* PageCard.swift in Sources */,
				2AADD11C2457398400F54BCB /* CoverImage.swift in Sources */,
				2A47C72F2455E0B000EEF68B /* TextTemplate.swift in Sources */,
				2A47C7302455E0B000EEF68B /* NextButton.swift in Sources */,
				2A47C72A2455E0B000EEF68B /* BookCover.swift in Sources */,
			);
			runOnlyForDeploymentPostprocessing = 0;
		};
/* End PBXSourcesBuildPhase section */

/* Begin PBXVariantGroup section */
		2ABF95DB243C3E740083EBF3 /* LaunchScreen.storyboard */ = {
			isa = PBXVariantGroup;
			children = (
				2ABF95DC243C3E740083EBF3 /* Base */,
			);
			name = LaunchScreen.storyboard;
			sourceTree = "<group>";
		};
/* End PBXVariantGroup section */

/* Begin XCBuildConfiguration section */
		2ABF95DF243C3E740083EBF3 /* Debug */ = {
			isa = XCBuildConfiguration;
			buildSettings = {
				ALWAYS_SEARCH_USER_PATHS = NO;
				CLANG_ANALYZER_NONNULL = YES;
				CLANG_ANALYZER_NUMBER_OBJECT_CONVERSION = YES_AGGRESSIVE;
				CLANG_CXX_LANGUAGE_STANDARD = "gnu++14";
				CLANG_CXX_LIBRARY = "libc++";
				CLANG_ENABLE_MODULES = YES;
				CLANG_ENABLE_OBJC_ARC = YES;
				CLANG_ENABLE_OBJC_WEAK = YES;
				CLANG_WARN_BLOCK_CAPTURE_AUTORELEASING = YES;
				CLANG_WARN_BOOL_CONVERSION = YES;
				CLANG_WARN_COMMA = YES;
				CLANG_WARN_CONSTANT_CONVERSION = YES;
				CLANG_WARN_DEPRECATED_OBJC_IMPLEMENTATIONS = YES;
				CLANG_WARN_DIRECT_OBJC_ISA_USAGE = YES_ERROR;
				CLANG_WARN_DOCUMENTATION_COMMENTS = YES;
				CLANG_WARN_EMPTY_BODY = YES;
				CLANG_WARN_ENUM_CONVERSION = YES;
				CLANG_WARN_INFINITE_RECURSION = YES;
				CLANG_WARN_INT_CONVERSION = YES;
				CLANG_WARN_NON_LITERAL_NULL_CONVERSION = YES;
				CLANG_WARN_OBJC_IMPLICIT_RETAIN_SELF = YES;
				CLANG_WARN_OBJC_LITERAL_CONVERSION = YES;
				CLANG_WARN_OBJC_ROOT_CLASS = YES_ERROR;
				CLANG_WARN_RANGE_LOOP_ANALYSIS = YES;
				CLANG_WARN_STRICT_PROTOTYPES = YES;
				CLANG_WARN_SUSPICIOUS_MOVE = YES;
				CLANG_WARN_UNGUARDED_AVAILABILITY = YES_AGGRESSIVE;
				CLANG_WARN_UNREACHABLE_CODE = YES;
				CLANG_WARN__DUPLICATE_METHOD_MATCH = YES;
				COPY_PHASE_STRIP = NO;
				DEBUG_INFORMATION_FORMAT = dwarf;
				ENABLE_STRICT_OBJC_MSGSEND = YES;
				ENABLE_TESTABILITY = YES;
				GCC_C_LANGUAGE_STANDARD = gnu11;
				GCC_DYNAMIC_NO_PIC = NO;
				GCC_NO_COMMON_BLOCKS = YES;
				GCC_OPTIMIZATION_LEVEL = 0;
				GCC_PREPROCESSOR_DEFINITIONS = (
					"DEBUG=1",
					"$(inherited)",
				);
				GCC_WARN_64_TO_32_BIT_CONVERSION = YES;
				GCC_WARN_ABOUT_RETURN_TYPE = YES_ERROR;
				GCC_WARN_UNDECLARED_SELECTOR = YES;
				GCC_WARN_UNINITIALIZED_AUTOS = YES_AGGRESSIVE;
				GCC_WARN_UNUSED_FUNCTION = YES;
				GCC_WARN_UNUSED_VARIABLE = YES;
				IPHONEOS_DEPLOYMENT_TARGET = 13.4;
				MTL_ENABLE_DEBUG_INFO = INCLUDE_SOURCE;
				MTL_FAST_MATH = YES;
				ONLY_ACTIVE_ARCH = YES;
				SDKROOT = iphoneos;
				SWIFT_ACTIVE_COMPILATION_CONDITIONS = DEBUG;
				SWIFT_OPTIMIZATION_LEVEL = "-Onone";
			};
			name = Debug;
		};
		2ABF95E0243C3E740083EBF3 /* Release */ = {
			isa = XCBuildConfiguration;
			buildSettings = {
				ALWAYS_SEARCH_USER_PATHS = NO;
				CLANG_ANALYZER_NONNULL = YES;
				CLANG_ANALYZER_NUMBER_OBJECT_CONVERSION = YES_AGGRESSIVE;
				CLANG_CXX_LANGUAGE_STANDARD = "gnu++14";
				CLANG_CXX_LIBRARY = "libc++";
				CLANG_ENABLE_MODULES = YES;
				CLANG_ENABLE_OBJC_ARC = YES;
				CLANG_ENABLE_OBJC_WEAK = YES;
				CLANG_WARN_BLOCK_CAPTURE_AUTORELEASING = YES;
				CLANG_WARN_BOOL_CONVERSION = YES;
				CLANG_WARN_COMMA = YES;
				CLANG_WARN_CONSTANT_CONVERSION = YES;
				CLANG_WARN_DEPRECATED_OBJC_IMPLEMENTATIONS = YES;
				CLANG_WARN_DIRECT_OBJC_ISA_USAGE = YES_ERROR;
				CLANG_WARN_DOCUMENTATION_COMMENTS = YES;
				CLANG_WARN_EMPTY_BODY = YES;
				CLANG_WARN_ENUM_CONVERSION = YES;
				CLANG_WARN_INFINITE_RECURSION = YES;
				CLANG_WARN_INT_CONVERSION = YES;
				CLANG_WARN_NON_LITERAL_NULL_CONVERSION = YES;
				CLANG_WARN_OBJC_IMPLICIT_RETAIN_SELF = YES;
				CLANG_WARN_OBJC_LITERAL_CONVERSION = YES;
				CLANG_WARN_OBJC_ROOT_CLASS = YES_ERROR;
				CLANG_WARN_RANGE_LOOP_ANALYSIS = YES;
				CLANG_WARN_STRICT_PROTOTYPES = YES;
				CLANG_WARN_SUSPICIOUS_MOVE = YES;
				CLANG_WARN_UNGUARDED_AVAILABILITY = YES_AGGRESSIVE;
				CLANG_WARN_UNREACHABLE_CODE = YES;
				CLANG_WARN__DUPLICATE_METHOD_MATCH = YES;
				COPY_PHASE_STRIP = NO;
				DEBUG_INFORMATION_FORMAT = "dwarf-with-dsym";
				ENABLE_NS_ASSERTIONS = NO;
				ENABLE_STRICT_OBJC_MSGSEND = YES;
				GCC_C_LANGUAGE_STANDARD = gnu11;
				GCC_NO_COMMON_BLOCKS = YES;
				GCC_WARN_64_TO_32_BIT_CONVERSION = YES;
				GCC_WARN_ABOUT_RETURN_TYPE = YES_ERROR;
				GCC_WARN_UNDECLARED_SELECTOR = YES;
				GCC_WARN_UNINITIALIZED_AUTOS = YES_AGGRESSIVE;
				GCC_WARN_UNUSED_FUNCTION = YES;
				GCC_WARN_UNUSED_VARIABLE = YES;
				IPHONEOS_DEPLOYMENT_TARGET = 13.4;
				MTL_ENABLE_DEBUG_INFO = NO;
				MTL_FAST_MATH = YES;
				SDKROOT = iphoneos;
				SWIFT_COMPILATION_MODE = wholemodule;
				SWIFT_OPTIMIZATION_LEVEL = "-O";
				VALIDATE_PRODUCT = YES;
			};
			name = Release;
		};
		2ABF95E2243C3E740083EBF3 /* Debug */ = {
			isa = XCBuildConfiguration;
			buildSettings = {
				ASSETCATALOG_COMPILER_APPICON_NAME = AppIcon;
				CODE_SIGN_STYLE = Automatic;
				DEVELOPMENT_ASSET_PATHS = "\"LittleStories/Preview Content\"";
				DEVELOPMENT_TEAM = PUD2RU7K8T;
				ENABLE_PREVIEWS = YES;
				INFOPLIST_FILE = LittleStories/Info.plist;
				LD_RUNPATH_SEARCH_PATHS = (
					"$(inherited)",
					"@executable_path/Frameworks",
				);
				PRODUCT_BUNDLE_IDENTIFIER = com.cameronpartee.LittleStories;
				PRODUCT_NAME = LittleStories;
				SWIFT_VERSION = 5.0;
				TARGETED_DEVICE_FAMILY = 1;
			};
			name = Debug;
		};
		2ABF95E3243C3E740083EBF3 /* Release */ = {
			isa = XCBuildConfiguration;
			buildSettings = {
				ASSETCATALOG_COMPILER_APPICON_NAME = AppIcon;
				CODE_SIGN_STYLE = Automatic;
				DEVELOPMENT_ASSET_PATHS = "\"LittleStories/Preview Content\"";
				DEVELOPMENT_TEAM = PUD2RU7K8T;
				ENABLE_PREVIEWS = YES;
				INFOPLIST_FILE = LittleStories/Info.plist;
				LD_RUNPATH_SEARCH_PATHS = (
					"$(inherited)",
					"@executable_path/Frameworks",
				);
				PRODUCT_BUNDLE_IDENTIFIER = com.cameronpartee.LittleStories;
				PRODUCT_NAME = LittleStories;
				SWIFT_VERSION = 5.0;
				TARGETED_DEVICE_FAMILY = 1;
			};
			name = Release;
		};
/* End XCBuildConfiguration section */

/* Begin XCConfigurationList section */
		2ABF95C8243C3E740083EBF3 /* Build configuration list for PBXProject "LittleStories" */ = {
			isa = XCConfigurationList;
			buildConfigurations = (
				2ABF95DF243C3E740083EBF3 /* Debug */,
				2ABF95E0243C3E740083EBF3 /* Release */,
			);
			defaultConfigurationIsVisible = 0;
			defaultConfigurationName = Release;
		};
		2ABF95E1243C3E740083EBF3 /* Build configuration list for PBXNativeTarget "LittleStories" */ = {
			isa = XCConfigurationList;
			buildConfigurations = (
				2ABF95E2243C3E740083EBF3 /* Debug */,
				2ABF95E3243C3E740083EBF3 /* Release */,
			);
			defaultConfigurationIsVisible = 0;
			defaultConfigurationName = Release;
		};
/* End XCConfigurationList section */
	};
	rootObject = 2ABF95C5243C3E740083EBF3 /* Project object */;
}
